
Microsoft Visual Studio Solution File, Format Version 12.00
# Blend for Visual Studio Version 17
VisualStudioVersion = 17.3.32929.385
MinimumVisualStudioVersion = 10.0.40219.1
Project("{FAE04EC0-301F-11D3-BF4B-00C04F79EFBC}") = "App 3 DI", "App 3 DI\App 3 DI.csproj", "{E57DF87D-B39C-4957-94A4-C2A8E13BF278}"
EndProject
Global
	GlobalSection(SolutionConfigurationPlatforms) = preSolution
		Debug|ARM = Debug|ARM
		Debug|ARM64 = Debug|ARM64
		Debug|x64 = Debug|x64
		Debug|x86 = Debug|x86
		Release|ARM = Release|ARM
		Release|ARM64 = Release|ARM64
		Release|x64 = Release|x64
		Release|x86 = Release|x86
	EndGlobalSection
	GlobalSection(ProjectConfigurationPlatforms) = postSolution
		{E57DF87D-B39C-4957-94A4-C2A8E13BF278}.Debug|ARM.ActiveCfg = Debug|ARM
		{E57DF87D-B39C-4957-94A4-C2A8E13BF278}.Debug|ARM.Build.0 = Debug|ARM
		{E57DF87D-B39C-4957-94A4-C2A8E13BF278}.Debug|ARM.Deploy.0 = Debug|ARM
		{E57DF87D-B39C-4957-94A4-C2A8E13BF278}.Debug|ARM64.ActiveCfg = Debug|ARM64
		{E57DF87D-B39C-4957-94A4-C2A8E13BF278}.Debug|ARM64.Build.0 = Debug|ARM64
		{E57DF87D-B39C-4957-94A4-C2A8E13BF278}.Debug|ARM64.Deploy.0 = Debug|ARM64
		{E57DF87D-B39C-4957-94A4-C2A8E13BF278}.Debug|x64.ActiveCfg = Debug|x64
		{E57DF87D-B39C-4957-94A4-C2A8E13BF278}.Debug|x64.Build.0 = Debug|x64
		{E57DF87D-B39C-4957-94A4-C2A8E13BF278}.Debug|x64.Deploy.0 = Debug|x64
		{E57DF87D-B39C-4957-94A4-C2A8E13BF278}.Debug|x86.ActiveCfg = Debug|x86
		{E57DF87D-B39C-4957-94A4-C2A8E13BF278}.Debug|x86.Build.0 = Debug|x86
		{E57DF87D-B39C-4957-94A4-C2A8E13BF278}.Debug|x86.Deploy.0 = Debug|x86
		{E57DF87D-B39C-4957-94A4-C2A8E13BF278}.Release|ARM.ActiveCfg = Release|ARM
		{E57DF87D-B39C-4957-94A4-C2A8E13BF278}.Release|ARM.Build.0 = Release|ARM
		{E57DF87D-B39C-4957-94A4-C2A8E13BF278}.Release|ARM.Deploy.0 = Release|ARM
		{E57DF87D-B39C-4957-94A4-C2A8E13BF278}.Release|ARM64.ActiveCfg = Release|ARM64
		{E57DF87D-B39C-4957-94A4-C2A8E13BF278}.Release|ARM64.Build.0 = Release|ARM64
		{E57DF87D-B39C-4957-94A4-C2A8E13BF278}.Release|ARM64.Deploy.0 = Release|ARM64
		{E57DF87D-B39C-4957-94A4-C2A8E13BF278}.Release|x64.ActiveCfg = Release|x64
		{E57DF87D-B39C-4957-94A4-C2A8E13BF278}.Release|x64.Build.0 = Release|x64
		{E57DF87D-B39C-4957-94A4-C2A8E13BF278}.Release|x64.Deploy.0 = Release|x64
		{E57DF87D-B39C-4957-94A4-C2A8E13BF278}.Release|x86.ActiveCfg = Release|x86
		{E57DF87D-B39C-4957-94A4-C2A8E13BF278}.Release|x86.Build.0 = Release|x86
		{E57DF87D-B39C-4957-94A4-C2A8E13BF278}.Release|x86.Deploy.0 = Release|x86
	EndGlobalSection
	GlobalSection(SolutionProperties) = preSolution
		HideSolutionNode = FALSE
	EndGlobalSection
	GlobalSection(ExtensibilityGlobals) = postSolution
		SolutionGuid = {B700068C-C444-46A3-8C48-1F976B6D6FB6}
	EndGlobalSection
EndGlobal
